{
  "originHash" : "438b7e9f0986da29aa974d64f7682fded069d1f969bd7a2b8161003f9ae5186e",
  "pins" : [
    {
      "identity" : "hotswiftui",
      "kind" : "remoteSourceControl",
      "location" : "https://github.com/johnno1962/HotSwiftUI.git",
      "state" : {
        "revision" : "79b90df110099c6fe6f14be3da577f744cf3ec1a",
        "version" : "1.2.1"
      }
    }
  ],
  "version" : 3
}
